
Microsoft Visual Studio Solution File, Format Version 12.00
# Visual Studio Version 16
VisualStudioVersion = 16.0.31613.86
MinimumVisualStudioVersion = 10.0.40219.1
Project("{FAE04EC0-301F-11D3-BF4B-00C04F79EFBC}") = "SF.Mod10.MiniCalculator", "SF.Mod10.MiniCalculator\SF.Mod10.MiniCalculator.csproj", "{7432C638-90DF-4E3F-BC5D-27340424666D}"
EndProject
Global
	GlobalSection(SolutionConfigurationPlatforms) = preSolution
		Debug|Any CPU = Debug|Any CPU
		Release|Any CPU = Release|Any CPU
	EndGlobalSection
	GlobalSection(ProjectConfigurationPlatforms) = postSolution
		{7432C638-90DF-4E3F-BC5D-27340424666D}.Debug|Any CPU.ActiveCfg = Debug|Any CPU
		{7432C638-90DF-4E3F-BC5D-27340424666D}.Debug|Any CPU.Build.0 = Debug|Any CPU
		{7432C638-90DF-4E3F-BC5D-27340424666D}.Release|Any CPU.ActiveCfg = Release|Any CPU
		{7432C638-90DF-4E3F-BC5D-27340424666D}.Release|Any CPU.Build.0 = Release|Any CPU
	EndGlobalSection
	GlobalSection(SolutionProperties) = preSolution
		HideSolutionNode = FALSE
	EndGlobalSection
	GlobalSection(ExtensibilityGlobals) = postSolution
		SolutionGuid = {F8E4A4C4-F42E-4555-98DA-52E50F864C8B}
	EndGlobalSection
EndGlobal
